// !$*UTF8*$!
{
	archiveVersion = 1;
	classes = {
	};
	objectVersion = 46;
	objects = {

/* Begin PBXBuildFile section */
		4F82ECDB1BF5DCDB00D95577 /* main.m in Sources */ = {isa = PBXBuildFile; fileRef = 4F82ECDA1BF5DCDB00D95577 /* main.m */; };
		4F82ECDE1BF5DCDB00D95577 /* AppDelegate.m in Sources */ = {isa = PBXBuildFile; fileRef = 4F82ECDD1BF5DCDB00D95577 /* AppDelegate.m */; };
		4F82ECE11BF5DCDB00D95577 /* ViewController.m in Sources */ = {isa = PBXBuildFile; fileRef = 4F82ECE01BF5DCDB00D95577 /* ViewController.m */; };
		4F82ECE41BF5DCDB00D95577 /* Main.storyboard in Resources */ = {isa = PBXBuildFile; fileRef = 4F82ECE21BF5DCDB00D95577 /* Main.storyboard */; };
		4F82ECE61BF5DCDB00D95577 /* Assets.xcassets in Resources */ = {isa = PBXBuildFile; fileRef = 4F82ECE51BF5DCDB00D95577 /* Assets.xcassets */; };
		4F82ECE91BF5DCDB00D95577 /* LaunchScreen.storyboard in Resources */ = {isa = PBXBuildFile; fileRef = 4F82ECE71BF5DCDB00D95577 /* LaunchScreen.storyboard */; };
		4F82ECF21BF5DD1E00D95577 /* NSIndexPath+DataPage.m in Sources */ = {isa = PBXBuildFile; fileRef = 4F82ECF11BF5DD1E00D95577 /* NSIndexPath+DataPage.m */; settings = {ASSET_TAGS = (); }; };
		4F82ECF51BF5E7C000D95577 /* KVOCollectionOprators.m in Sources */ = {isa = PBXBuildFile; fileRef = 4F82ECF41BF5E7C000D95577 /* KVOCollectionOprators.m */; settings = {ASSET_TAGS = (); }; };
/* End PBXBuildFile section */

/* Begin PBXFileReference section */
		4F82ECD61BF5DCDB00D95577 /* Objc.app */ = {isa = PBXFileReference; explicitFileType = wrapper.application; includeInIndex = 0; path = Objc.app; sourceTree = BUILT_PRODUCTS_DIR; };
		4F82ECDA1BF5DCDB00D95577 /* main.m */ = {isa = PBXFileReference; lastKnownFileType = sourcecode.c.objc; path = main.m; sourceTree = "<group>"; };
		4F82ECDC1BF5DCDB00D95577 /* AppDelegate.h */ = {isa = PBXFileReference; lastKnownFileType = sourcecode.c.h; path = AppDelegate.h; sourceTree = "<group>"; };
		4F82ECDD1BF5DCDB00D95577 /* AppDelegate.m */ = {isa = PBXFileReference; lastKnownFileType = sourcecode.c.objc; path = AppDelegate.m; sourceTree = "<group>"; };
		4F82ECDF1BF5DCDB00D95577 /* ViewController.h */ = {isa = PBXFileReference; lastKnownFileType = sourcecode.c.h; path = ViewController.h; sourceTree = "<group>"; };
		4F82ECE01BF5DCDB00D95577 /* ViewController.m */ = {isa = PBXFileReference; lastKnownFileType = sourcecode.c.objc; path = ViewController.m; sourceTree = "<group>"; };
		4F82ECE31BF5DCDB00D95577 /* Base */ = {isa = PBXFileReference; lastKnownFileType = file.storyboard; name = Base; path = Base.lproj/Main.storyboard; sourceTree = "<group>"; };
		4F82ECE51BF5DCDB00D95577 /* Assets.xcassets */ = {isa = PBXFileReference; lastKnownFileType = folder.assetcatalog; path = Assets.xcassets; sourceTree = "<group>"; };
		4F82ECE81BF5DCDB00D95577 /* Base */ = {isa = PBXFileReference; lastKnownFileType = file.storyboard; name = Base; path = Base.lproj/LaunchScreen.storyboard; sourceTree = "<group>"; };
		4F82ECEA1BF5DCDB00D95577 /* Info.plist */ = {isa = PBXFileReference; lastKnownFileType = text.plist.xml; path = Info.plist; sourceTree = "<group>"; };
		4F82ECF01BF5DD1E00D95577 /* NSIndexPath+DataPage.h */ = {isa = PBXFileReference; fileEncoding = 4; lastKnownFileType = sourcecode.c.h; path = "NSIndexPath+DataPage.h"; sourceTree = "<group>"; };
		4F82ECF11BF5DD1E00D95577 /* NSIndexPath+DataPage.m */ = {isa = PBXFileReference; fileEncoding = 4; lastKnownFileType = sourcecode.c.objc; path = "NSIndexPath+DataPage.m"; sourceTree = "<group>"; };
		4F82ECF31BF5E7C000D95577 /* KVOCollectionOprators.h */ = {isa = PBXFileReference; fileEncoding = 4; lastKnownFileType = sourcecode.c.h; path = KVOCollectionOprators.h; sourceTree = "<group>"; };
		4F82ECF41BF5E7C000D95577 /* KVOCollectionOprators.m */ = {isa = PBXFileReference; fileEncoding = 4; lastKnownFileType = sourcecode.c.objc; path = KVOCollectionOprators.m; sourceTree = "<group>"; };
/* End PBXFileReference section */

/* Begin PBXFrameworksBuildPhase section */
		4F82ECD31BF5DCDB00D95577 /* Frameworks */ = {
			isa = PBXFrameworksBuildPhase;
			buildActionMask = 2147483647;
			files = (
			);
			runOnlyForDeploymentPostprocessing = 0;
		};
/* End PBXFrameworksBuildPhase section */

/* Begin PBXGroup section */
		4F82ECCD1BF5DCDB00D95577 = {
			isa = PBXGroup;
			children = (
				4F82ECD81BF5DCDB00D95577 /* Objc */,
				4F82ECD71BF5DCDB00D95577 /* Products */,
			);
			sourceTree = "<group>";
		};
		4F82ECD71BF5DCDB00D95577 /* Products */ = {
			isa = PBXGroup;
			children = (
				4F82ECD61BF5DCDB00D95577 /* Objc.app */,
			);
			name = Products;
			sourceTree = "<group>";
		};
		4F82ECD81BF5DCDB00D95577 /* Objc */ = {
			isa = PBXGroup;
			children = (
				4F82ECDC1BF5DCDB00D95577 /* AppDelegate.h */,
				4F82ECDD1BF5DCDB00D95577 /* AppDelegate.m */,
				4F82ECDF1BF5DCDB00D95577 /* ViewController.h */,
				4F82ECE01BF5DCDB00D95577 /* ViewController.m */,
				4F82ECF01BF5DD1E00D95577 /* NSIndexPath+DataPage.h */,
				4F82ECF11BF5DD1E00D95577 /* NSIndexPath+DataPage.m */,
				4F82ECF31BF5E7C000D95577 /* KVOCollectionOprators.h */,
				4F82ECF41BF5E7C000D95577 /* KVOCollectionOprators.m */,
				4F82ECE21BF5DCDB00D95577 /* Main.storyboard */,
				4F82ECE51BF5DCDB00D95577 /* Assets.xcassets */,
				4F82ECE71BF5DCDB00D95577 /* LaunchScreen.storyboard */,
				4F82ECEA1BF5DCDB00D95577 /* Info.plist */,
				4F82ECD91BF5DCDB00D95577 /* Supporting Files */,
			);
			path = Objc;
			sourceTree = "<group>";
		};
		4F82ECD91BF5DCDB00D95577 /* Supporting Files */ = {
			isa = PBXGroup;
			children = (
				4F82ECDA1BF5DCDB00D95577 /* main.m */,
			);
			name = "Supporting Files";
			sourceTree = "<group>";
		};
/* End PBXGroup section */

/* Begin PBXNativeTarget section */
		4F82ECD51BF5DCDB00D95577 /* Objc */ = {
			isa = PBXNativeTarget;
			buildConfigurationList = 4F82ECED1BF5DCDB00D95577 /* Build configuration list for PBXNativeTarget "Objc" */;
			buildPhases = (
				4F82ECD21BF5DCDB00D95577 /* Sources */,
				4F82ECD31BF5DCDB00D95577 /* Frameworks */,
				4F82ECD41BF5DCDB00D95577 /* Resources */,
			);
			buildRules = (
			);
			dependencies = (
			);
			name = Objc;
			productName = Objc;
			productReference = 4F82ECD61BF5DCDB00D95577 /* Objc.app */;
			productType = "com.apple.product-type.application";
		};
/* End PBXNativeTarget section */

/* Begin PBXProject section */
		4F82ECCE1BF5DCDB00D95577 /* Project object */ = {
			isa = PBXProject;
			attributes = {
				LastUpgradeCheck = 0700;
				ORGANIZATIONNAME = Alex;
				TargetAttributes = {
					4F82ECD51BF5DCDB00D95577 = {
						CreatedOnToolsVersion = 7.0.1;
					};
				};
			};
			buildConfigurationList = 4F82ECD11BF5DCDB00D95577 /* Build configuration list for PBXProject "Objc" */;
			compatibilityVersion = "Xcode 3.2";
			developmentRegion = English;
			hasScannedForEncodings = 0;
			knownRegions = (
				en,
				Base,
			);
			mainGroup = 4F82ECCD1BF5DCDB00D95577;
			productRefGroup = 4F82ECD71BF5DCDB00D95577 /* Products */;
			projectDirPath = "";
			projectRoot = "";
			targets = (
				4F82ECD51BF5DCDB00D95577 /* Objc */,
			);
		};
/* End PBXProject section */

/* Begin PBXResourcesBuildPhase section */
		4F82ECD41BF5DCDB00D95577 /* Resources */ = {
			isa = PBXResourcesBuildPhase;
			buildActionMask = 2147483647;
			files = (
				4F82ECE91BF5DCDB00D95577 /* LaunchScreen.storyboard in Resources */,
				4F82ECE61BF5DCDB00D95577 /* Assets.xcassets in Resources */,
				4F82ECE41BF5DCDB00D95577 /* Main.storyboard in Resources */,
			);
			runOnlyForDeploymentPostprocessing = 0;
		};
/* End PBXResourcesBuildPhase section */

/* Begin PBXSourcesBuildPhase section */
		4F82ECD21BF5DCDB00D95577 /* Sources */ = {
			isa = PBXSourcesBuildPhase;
			buildActionMask = 2147483647;
			files = (
				4F82ECE11BF5DCDB00D95577 /* ViewController.m in Sources */,
				4F82ECF51BF5E7C000D95577 /* KVOCollectionOprators.m in Sources */,
				4F82ECF21BF5DD1E00D95577 /* NSIndexPath+DataPage.m in Sources */,
				4F82ECDE1BF5DCDB00D95577 /* AppDelegate.m in Sources */,
				4F82ECDB1BF5DCDB00D95577 /* main.m in Sources */,
			);
			runOnlyForDeploymentPostprocessing = 0;
		};
/* End PBXSourcesBuildPhase section */

/* Begin PBXVariantGroup section */
		4F82ECE21BF5DCDB00D95577 /* Main.storyboard */ = {
			isa = PBXVariantGroup;
			children = (
				4F82ECE31BF5DCDB00D95577 /* Base */,
			);
			name = Main.storyboard;
			sourceTree = "<group>";
		};
		4F82ECE71BF5DCDB00D95577 /* LaunchScreen.storyboard */ = {
			isa = PBXVariantGroup;
			children = (
				4F82ECE81BF5DCDB00D95577 /* Base */,
			);
			name = LaunchScreen.storyboard;
			sourceTree = "<group>";
		};
/* End PBXVariantGroup section */

/* Begin XCBuildConfiguration section */
		4F82ECEB1BF5DCDB00D95577 /* Debug */ = {
			isa = XCBuildConfiguration;
			buildSettings = {
				ALWAYS_SEARCH_USER_PATHS = NO;
				CLANG_CXX_LANGUAGE_STANDARD = "gnu++0x";
				CLANG_CXX_LIBRARY = "libc++";
				CLANG_ENABLE_MODULES = YES;
				CLANG_ENABLE_OBJC_ARC = YES;
				CLANG_WARN_BOOL_CONVERSION = YES;
				CLANG_WARN_CONSTANT_CONVERSION = YES;
				CLANG_WARN_DIRECT_OBJC_ISA_USAGE = YES_ERROR;
				CLANG_WARN_EMPTY_BODY = YES;
				CLANG_WARN_ENUM_CONVERSION = YES;
				CLANG_WARN_INT_CONVERSION = YES;
				CLANG_WARN_OBJC_ROOT_CLASS = YES_ERROR;
				CLANG_WARN_UNREACHABLE_CODE = YES;
				CLANG_WARN__DUPLICATE_METHOD_MATCH = YES;
				"CODE_SIGN_IDENTITY[sdk=iphoneos*]" = "iPhone Developer";
				COPY_PHASE_STRIP = NO;
				DEBUG_INFORMATION_FORMAT = dwarf;
				ENABLE_STRICT_OBJC_MSGSEND = YES;
				ENABLE_TESTABILITY = YES;
				GCC_C_LANGUAGE_STANDARD = gnu99;
				GCC_DYNAMIC_NO_PIC = NO;
				GCC_NO_COMMON_BLOCKS = YES;
				GCC_OPTIMIZATION_LEVEL = 0;
				GCC_PREPROCESSOR_DEFINITIONS = (
					"DEBUG=1",
					"$(inherited)",
				);
				GCC_WARN_64_TO_32_BIT_CONVERSION = YES;
				GCC_WARN_ABOUT_RETURN_TYPE = YES_ERROR;
				GCC_WARN_UNDECLARED_SELECTOR = YES;
				GCC_WARN_UNINITIALIZED_AUTOS = YES_AGGRESSIVE;
				GCC_WARN_UNUSED_FUNCTION = YES;
				GCC_WARN_UNUSED_VARIABLE = YES;
				IPHONEOS_DEPLOYMENT_TARGET = 9.0;
				MTL_ENABLE_DEBUG_INFO = YES;
				ONLY_ACTIVE_ARCH = YES;
				SDKROOT = iphoneos;
			};
			name = Debug;
		};
		4F82ECEC1BF5DCDB00D95577 /* Release */ = {
			isa = XCBuildConfiguration;
			buildSettings = {
				ALWAYS_SEARCH_USER_PATHS = NO;
				CLANG_CXX_LANGUAGE_STANDARD = "gnu++0x";
				CLANG_CXX_LIBRARY = "libc++";
				CLANG_ENABLE_MODULES = YES;
				CLANG_ENABLE_OBJC_ARC = YES;
				CLANG_WARN_BOOL_CONVERSION = YES;
				CLANG_WARN_CONSTANT_CONVERSION = YES;
				CLANG_WARN_DIRECT_OBJC_ISA_USAGE = YES_ERROR;
				CLANG_WARN_EMPTY_BODY = YES;
				CLANG_WARN_ENUM_CONVERSION = YES;
				CLANG_WARN_INT_CONVERSION = YES;
				CLANG_WARN_OBJC_ROOT_CLASS = YES_ERROR;
				CLANG_WARN_UNREACHABLE_CODE = YES;
				CLANG_WARN__DUPLICATE_METHOD_MATCH = YES;
				"CODE_SIGN_IDENTITY[sdk=iphoneos*]" = "iPhone Developer";
				COPY_PHASE_STRIP = NO;
				DEBUG_INFORMATION_FORMAT = "dwarf-with-dsym";
				ENABLE_NS_ASSERTIONS = NO;
				ENABLE_STRICT_OBJC_MSGSEND = YES;
				GCC_C_LANGUAGE_STANDARD = gnu99;
				GCC_NO_COMMON_BLOCKS = YES;
				GCC_WARN_64_TO_32_BIT_CONVERSION = YES;
				GCC_WARN_ABOUT_RETURN_TYPE = YES_ERROR;
				GCC_WARN_UNDECLARED_SELECTOR = YES;
				GCC_WARN_UNINITIALIZED_AUTOS = YES_AGGRESSIVE;
				GCC_WARN_UNUSED_FUNCTION = YES;
				GCC_WARN_UNUSED_VARIABLE = YES;
				IPHONEOS_DEPLOYMENT_TARGET = 9.0;
				MTL_ENABLE_DEBUG_INFO = NO;
				SDKROOT = iphoneos;
				VALIDATE_PRODUCT = YES;
			};
			name = Release;
		};
		4F82ECEE1BF5DCDB00D95577 /* Debug */ = {
			isa = XCBuildConfiguration;
			buildSettings = {
				ASSETCATALOG_COMPILER_APPICON_NAME = AppIcon;
				INFOPLIST_FILE = Objc/Info.plist;
				LD_RUNPATH_SEARCH_PATHS = "$(inherited) @executable_path/Frameworks";
				PRODUCT_BUNDLE_IDENTIFIER = com.alex.Objc;
				PRODUCT_NAME = "$(TARGET_NAME)";
			};
			name = Debug;
		};
		4F82ECEF1BF5DCDB00D95577 /* Release */ = {
			isa = XCBuildConfiguration;
			buildSettings = {
				ASSETCATALOG_COMPILER_APPICON_NAME = AppIcon;
				INFOPLIST_FILE = Objc/Info.plist;
				LD_RUNPATH_SEARCH_PATHS = "$(inherited) @executable_path/Frameworks";
				PRODUCT_BUNDLE_IDENTIFIER = com.alex.Objc;
				PRODUCT_NAME = "$(TARGET_NAME)";
			};
			name = Release;
		};
/* End XCBuildConfiguration section */

/* Begin XCConfigurationList section */
		4F82ECD11BF5DCDB00D95577 /* Build configuration list for PBXProject "Objc" */ = {
			isa = XCConfigurationList;
			buildConfigurations = (
				4F82ECEB1BF5DCDB00D95577 /* Debug */,
				4F82ECEC1BF5DCDB00D95577 /* Release */,
			);
			defaultConfigurationIsVisible = 0;
			defaultConfigurationName = Release;
		};
		4F82ECED1BF5DCDB00D95577 /* Build configuration list for PBXNativeTarget "Objc" */ = {
			isa = XCConfigurationList;
			buildConfigurations = (
				4F82ECEE1BF5DCDB00D95577 /* Debug */,
				4F82ECEF1BF5DCDB00D95577 /* Release */,
			);
			defaultConfigurationIsVisible = 0;
		};
/* End XCConfigurationList section */
	};
	rootObject = 4F82ECCE1BF5DCDB00D95577 /* Project object */;
}
